
Microsoft Visual Studio Solution File, Format Version 12.00
# Visual Studio Version 17
VisualStudioVersion = 17.1.32210.238
MinimumVisualStudioVersion = 10.0.40219.1
Project("{FAE04EC0-301F-11D3-BF4B-00C04F79EFBC}") = "View", "View\View.csproj", "{9A7BBE95-4B17-4B20-B16E-4E3412D71543}"
EndProject
Project("{FAE04EC0-301F-11D3-BF4B-00C04F79EFBC}") = "Model", "Model\Model.csproj", "{4FF3AA2D-05F8-4782-947F-B2A93B0302E7}"
EndProject
Project("{FAE04EC0-301F-11D3-BF4B-00C04F79EFBC}") = "ViewModel", "ViewModel\ViewModel.csproj", "{A2C19CA3-9A80-4E55-8325-7DF20F0FE0A1}"
EndProject
Global
	GlobalSection(SolutionConfigurationPlatforms) = preSolution
		Debug|Any CPU = Debug|Any CPU
		Release|Any CPU = Release|Any CPU
	EndGlobalSection
	GlobalSection(ProjectConfigurationPlatforms) = postSolution
		{9A7BBE95-4B17-4B20-B16E-4E3412D71543}.Debug|Any CPU.ActiveCfg = Debug|Any CPU
		{9A7BBE95-4B17-4B20-B16E-4E3412D71543}.Debug|Any CPU.Build.0 = Debug|Any CPU
		{9A7BBE95-4B17-4B20-B16E-4E3412D71543}.Release|Any CPU.ActiveCfg = Release|Any CPU
		{9A7BBE95-4B17-4B20-B16E-4E3412D71543}.Release|Any CPU.Build.0 = Release|Any CPU
		{4FF3AA2D-05F8-4782-947F-B2A93B0302E7}.Debug|Any CPU.ActiveCfg = Debug|Any CPU
		{4FF3AA2D-05F8-4782-947F-B2A93B0302E7}.Debug|Any CPU.Build.0 = Debug|Any CPU
		{4FF3AA2D-05F8-4782-947F-B2A93B0302E7}.Release|Any CPU.ActiveCfg = Release|Any CPU
		{4FF3AA2D-05F8-4782-947F-B2A93B0302E7}.Release|Any CPU.Build.0 = Release|Any CPU
		{A2C19CA3-9A80-4E55-8325-7DF20F0FE0A1}.Debug|Any CPU.ActiveCfg = Debug|Any CPU
		{A2C19CA3-9A80-4E55-8325-7DF20F0FE0A1}.Debug|Any CPU.Build.0 = Debug|Any CPU
		{A2C19CA3-9A80-4E55-8325-7DF20F0FE0A1}.Release|Any CPU.ActiveCfg = Release|Any CPU
		{A2C19CA3-9A80-4E55-8325-7DF20F0FE0A1}.Release|Any CPU.Build.0 = Release|Any CPU
	EndGlobalSection
	GlobalSection(SolutionProperties) = preSolution
		HideSolutionNode = FALSE
	EndGlobalSection
	GlobalSection(ExtensibilityGlobals) = postSolution
		SolutionGuid = {478F7FE9-8779-4E4A-B79E-DE2BE0681CAA}
	EndGlobalSection
EndGlobal
